
Microsoft Visual Studio Solution File, Format Version 12.00
# Visual Studio 15
VisualStudioVersion = 15.0.26730.10
MinimumVisualStudioVersion = 10.0.40219.1
Project("{FAE04EC0-301F-11D3-BF4B-00C04F79EFBC}") = "HotelBookingStartupProject", "HotelBookingStartupProject\HotelBookingStartupProject.csproj", "{5FD052DB-DA15-49A9-96E6-07E1846EA6C0}"
EndProject
Global
	GlobalSection(SolutionConfigurationPlatforms) = preSolution
		Debug|Any CPU = Debug|Any CPU
		Release|Any CPU = Release|Any CPU
	EndGlobalSection
	GlobalSection(ProjectConfigurationPlatforms) = postSolution
		{5FD052DB-DA15-49A9-96E6-07E1846EA6C0}.Debug|Any CPU.ActiveCfg = Debug|Any CPU
		{5FD052DB-DA15-49A9-96E6-07E1846EA6C0}.Debug|Any CPU.Build.0 = Debug|Any CPU
		{5FD052DB-DA15-49A9-96E6-07E1846EA6C0}.Release|Any CPU.ActiveCfg = Release|Any CPU
		{5FD052DB-DA15-49A9-96E6-07E1846EA6C0}.Release|Any CPU.Build.0 = Release|Any CPU
	EndGlobalSection
	GlobalSection(SolutionProperties) = preSolution
		HideSolutionNode = FALSE
	EndGlobalSection
	GlobalSection(ExtensibilityGlobals) = postSolution
		SolutionGuid = {CA28D60F-B13C-4438-A3D1-5F95463A93DA}
	EndGlobalSection
EndGlobal
